// !$*UTF8*$!
{
	archiveVersion = 1;
	classes = {
	};
	objectVersion = 50;
	objects = {

/* Begin PBXBuildFile section */
		1BA1355325CC1C7F00CD8842 /* AppDelegate.swift in Sources */ = {isa = PBXBuildFile; fileRef = 1BA1355225CC1C7F00CD8842 /* AppDelegate.swift */; };
		1BA1355525CC1C7F00CD8842 /* SceneDelegate.swift in Sources */ = {isa = PBXBuildFile; fileRef = 1BA1355425CC1C7F00CD8842 /* SceneDelegate.swift */; };
		1BA1355725CC1C7F00CD8842 /* ContentView.swift in Sources */ = {isa = PBXBuildFile; fileRef = 1BA1355625CC1C7F00CD8842 /* ContentView.swift */; };
		1BA1355925CC1C8100CD8842 /* Assets.xcassets in Resources */ = {isa = PBXBuildFile; fileRef = 1BA1355825CC1C8100CD8842 /* Assets.xcassets */; };
		1BA1355C25CC1C8100CD8842 /* Preview Assets.xcassets in Resources */ = {isa = PBXBuildFile; fileRef = 1BA1355B25CC1C8100CD8842 /* Preview Assets.xcassets */; };
		1BA1355F25CC1C8100CD8842 /* LaunchScreen.storyboard in Resources */ = {isa = PBXBuildFile; fileRef = 1BA1355D25CC1C8100CD8842 /* LaunchScreen.storyboard */; };
		1BA1356925CC224F00CD8842 /* NetworkManager.swift in Sources */ = {isa = PBXBuildFile; fileRef = 1BA1356825CC224F00CD8842 /* NetworkManager.swift */; };
		1BA1356D25CC259000CD8842 /* PostData.swift in Sources */ = {isa = PBXBuildFile; fileRef = 1BA1356C25CC259000CD8842 /* PostData.swift */; };
		1BA1357225CC317B00CD8842 /* DetailView.swift in Sources */ = {isa = PBXBuildFile; fileRef = 1BA1357125CC317B00CD8842 /* DetailView.swift */; };
		1BA1357525CC36C800CD8842 /* WebView.swift in Sources */ = {isa = PBXBuildFile; fileRef = 1BA1357425CC36C800CD8842 /* WebView.swift */; };
/* End PBXBuildFile section */

/* Begin PBXFileReference section */
		1BA1354F25CC1C7F00CD8842 /* TechNews.app */ = {isa = PBXFileReference; explicitFileType = wrapper.application; includeInIndex = 0; path = TechNews.app; sourceTree = BUILT_PRODUCTS_DIR; };
		1BA1355225CC1C7F00CD8842 /* AppDelegate.swift */ = {isa = PBXFileReference; lastKnownFileType = sourcecode.swift; path = AppDelegate.swift; sourceTree = "<group>"; };
		1BA1355425CC1C7F00CD8842 /* SceneDelegate.swift */ = {isa = PBXFileReference; lastKnownFileType = sourcecode.swift; path = SceneDelegate.swift; sourceTree = "<group>"; };
		1BA1355625CC1C7F00CD8842 /* ContentView.swift */ = {isa = PBXFileReference; lastKnownFileType = sourcecode.swift; path = ContentView.swift; sourceTree = "<group>"; };
		1BA1355825CC1C8100CD8842 /* Assets.xcassets */ = {isa = PBXFileReference; lastKnownFileType = folder.assetcatalog; path = Assets.xcassets; sourceTree = "<group>"; };
		1BA1355B25CC1C8100CD8842 /* Preview Assets.xcassets */ = {isa = PBXFileReference; lastKnownFileType = folder.assetcatalog; path = "Preview Assets.xcassets"; sourceTree = "<group>"; };
		1BA1355E25CC1C8100CD8842 /* Base */ = {isa = PBXFileReference; lastKnownFileType = file.storyboard; name = Base; path = Base.lproj/LaunchScreen.storyboard; sourceTree = "<group>"; };
		1BA1356025CC1C8100CD8842 /* Info.plist */ = {isa = PBXFileReference; lastKnownFileType = text.plist.xml; path = Info.plist; sourceTree = "<group>"; };
		1BA1356825CC224F00CD8842 /* NetworkManager.swift */ = {isa = PBXFileReference; lastKnownFileType = sourcecode.swift; path = NetworkManager.swift; sourceTree = "<group>"; };
		1BA1356C25CC259000CD8842 /* PostData.swift */ = {isa = PBXFileReference; lastKnownFileType = sourcecode.swift; path = PostData.swift; sourceTree = "<group>"; };
		1BA1357125CC317B00CD8842 /* DetailView.swift */ = {isa = PBXFileReference; lastKnownFileType = sourcecode.swift; path = DetailView.swift; sourceTree = "<group>"; };
		1BA1357425CC36C800CD8842 /* WebView.swift */ = {isa = PBXFileReference; lastKnownFileType = sourcecode.swift; path = WebView.swift; sourceTree = "<group>"; };
/* End PBXFileReference section */

/* Begin PBXFrameworksBuildPhase section */
		1BA1354C25CC1C7F00CD8842 /* Frameworks */ = {
			isa = PBXFrameworksBuildPhase;
			buildActionMask = 2147483647;
			files = (
			);
			runOnlyForDeploymentPostprocessing = 0;
		};
/* End PBXFrameworksBuildPhase section */

/* Begin PBXGroup section */
		1BA1354625CC1C7F00CD8842 = {
			isa = PBXGroup;
			children = (
				1BA1355125CC1C7F00CD8842 /* TechNews */,
				1BA1355025CC1C7F00CD8842 /* Products */,
			);
			sourceTree = "<group>";
		};
		1BA1355025CC1C7F00CD8842 /* Products */ = {
			isa = PBXGroup;
			children = (
				1BA1354F25CC1C7F00CD8842 /* TechNews.app */,
			);
			name = Products;
			sourceTree = "<group>";
		};
		1BA1355125CC1C7F00CD8842 /* TechNews */ = {
			isa = PBXGroup;
			children = (
				1BA1355225CC1C7F00CD8842 /* AppDelegate.swift */,
				1BA1355425CC1C7F00CD8842 /* SceneDelegate.swift */,
				1BA1356F25CC30AA00CD8842 /* Views */,
				1BA1356725CC221E00CD8842 /* Model */,
				1BA1355825CC1C8100CD8842 /* Assets.xcassets */,
				1BA1355D25CC1C8100CD8842 /* LaunchScreen.storyboard */,
				1BA1356025CC1C8100CD8842 /* Info.plist */,
				1BA1355A25CC1C8100CD8842 /* Preview Content */,
			);
			path = TechNews;
			sourceTree = "<group>";
		};
		1BA1355A25CC1C8100CD8842 /* Preview Content */ = {
			isa = PBXGroup;
			children = (
				1BA1355B25CC1C8100CD8842 /* Preview Assets.xcassets */,
			);
			path = "Preview Content";
			sourceTree = "<group>";
		};
		1BA1356725CC221E00CD8842 /* Model */ = {
			isa = PBXGroup;
			children = (
				1BA1356825CC224F00CD8842 /* NetworkManager.swift */,
				1BA1356C25CC259000CD8842 /* PostData.swift */,
			);
			path = Model;
			sourceTree = "<group>";
		};
		1BA1356F25CC30AA00CD8842 /* Views */ = {
			isa = PBXGroup;
			children = (
				1BA1355625CC1C7F00CD8842 /* ContentView.swift */,
				1BA1357125CC317B00CD8842 /* DetailView.swift */,
				1BA1357425CC36C800CD8842 /* WebView.swift */,
			);
			path = Views;
			sourceTree = "<group>";
		};
/* End PBXGroup section */

/* Begin PBXNativeTarget section */
		1BA1354E25CC1C7F00CD8842 /* TechNews */ = {
			isa = PBXNativeTarget;
			buildConfigurationList = 1BA1356325CC1C8100CD8842 /* Build configuration list for PBXNativeTarget "TechNews" */;
			buildPhases = (
				1BA1354B25CC1C7F00CD8842 /* Sources */,
				1BA1354C25CC1C7F00CD8842 /* Frameworks */,
				1BA1354D25CC1C7F00CD8842 /* Resources */,
			);
			buildRules = (
			);
			dependencies = (
			);
			name = TechNews;
			productName = TechNews;
			productReference = 1BA1354F25CC1C7F00CD8842 /* TechNews.app */;
			productType = "com.apple.product-type.application";
		};
/* End PBXNativeTarget section */

/* Begin PBXProject section */
		1BA1354725CC1C7F00CD8842 /* Project object */ = {
			isa = PBXProject;
			attributes = {
				LastSwiftUpdateCheck = 1210;
				LastUpgradeCheck = 1210;
				TargetAttributes = {
					1BA1354E25CC1C7F00CD8842 = {
						CreatedOnToolsVersion = 12.1;
					};
				};
			};
			buildConfigurationList = 1BA1354A25CC1C7F00CD8842 /* Build configuration list for PBXProject "TechNews" */;
			compatibilityVersion = "Xcode 9.3";
			developmentRegion = en;
			hasScannedForEncodings = 0;
			knownRegions = (
				en,
				Base,
			);
			mainGroup = 1BA1354625CC1C7F00CD8842;
			productRefGroup = 1BA1355025CC1C7F00CD8842 /* Products */;
			projectDirPath = "";
			projectRoot = "";
			targets = (
				1BA1354E25CC1C7F00CD8842 /* TechNews */,
			);
		};
/* End PBXProject section */

/* Begin PBXResourcesBuildPhase section */
		1BA1354D25CC1C7F00CD8842 /* Resources */ = {
			isa = PBXResourcesBuildPhase;
			buildActionMask = 2147483647;
			files = (
				1BA1355F25CC1C8100CD8842 /* LaunchScreen.storyboard in Resources */,
				1BA1355C25CC1C8100CD8842 /* Preview Assets.xcassets in Resources */,
				1BA1355925CC1C8100CD8842 /* Assets.xcassets in Resources */,
			);
			runOnlyForDeploymentPostprocessing = 0;
		};
/* End PBXResourcesBuildPhase section */

/* Begin PBXSourcesBuildPhase section */
		1BA1354B25CC1C7F00CD8842 /* Sources */ = {
			isa = PBXSourcesBuildPhase;
			buildActionMask = 2147483647;
			files = (
				1BA1356D25CC259000CD8842 /* PostData.swift in Sources */,
				1BA1357225CC317B00CD8842 /* DetailView.swift in Sources */,
				1BA1356925CC224F00CD8842 /* NetworkManager.swift in Sources */,
				1BA1355325CC1C7F00CD8842 /* AppDelegate.swift in Sources */,
				1BA1355525CC1C7F00CD8842 /* SceneDelegate.swift in Sources */,
				1BA1355725CC1C7F00CD8842 /* ContentView.swift in Sources */,
				1BA1357525CC36C800CD8842 /* WebView.swift in Sources */,
			);
			runOnlyForDeploymentPostprocessing = 0;
		};
/* End PBXSourcesBuildPhase section */

/* Begin PBXVariantGroup section */
		1BA1355D25CC1C8100CD8842 /* LaunchScreen.storyboard */ = {
			isa = PBXVariantGroup;
			children = (
				1BA1355E25CC1C8100CD8842 /* Base */,
			);
			name = LaunchScreen.storyboard;
			sourceTree = "<group>";
		};
/* End PBXVariantGroup section */

/* Begin XCBuildConfiguration section */
		1BA1356125CC1C8100CD8842 /* Debug */ = {
			isa = XCBuildConfiguration;
			buildSettings = {
				ALWAYS_SEARCH_USER_PATHS = NO;
				CLANG_ANALYZER_NONNULL = YES;
				CLANG_ANALYZER_NUMBER_OBJECT_CONVERSION = YES_AGGRESSIVE;
				CLANG_CXX_LANGUAGE_STANDARD = "gnu++14";
				CLANG_CXX_LIBRARY = "libc++";
				CLANG_ENABLE_MODULES = YES;
				CLANG_ENABLE_OBJC_ARC = YES;
				CLANG_ENABLE_OBJC_WEAK = YES;
				CLANG_WARN_BLOCK_CAPTURE_AUTORELEASING = YES;
				CLANG_WARN_BOOL_CONVERSION = YES;
				CLANG_WARN_COMMA = YES;
				CLANG_WARN_CONSTANT_CONVERSION = YES;
				CLANG_WARN_DEPRECATED_OBJC_IMPLEMENTATIONS = YES;
				CLANG_WARN_DIRECT_OBJC_ISA_USAGE = YES_ERROR;
				CLANG_WARN_DOCUMENTATION_COMMENTS = YES;
				CLANG_WARN_EMPTY_BODY = YES;
				CLANG_WARN_ENUM_CONVERSION = YES;
				CLANG_WARN_INFINITE_RECURSION = YES;
				CLANG_WARN_INT_CONVERSION = YES;
				CLANG_WARN_NON_LITERAL_NULL_CONVERSION = YES;
				CLANG_WARN_OBJC_IMPLICIT_RETAIN_SELF = YES;
				CLANG_WARN_OBJC_LITERAL_CONVERSION = YES;
				CLANG_WARN_OBJC_ROOT_CLASS = YES_ERROR;
				CLANG_WARN_QUOTED_INCLUDE_IN_FRAMEWORK_HEADER = YES;
				CLANG_WARN_RANGE_LOOP_ANALYSIS = YES;
				CLANG_WARN_STRICT_PROTOTYPES = YES;
				CLANG_WARN_SUSPICIOUS_MOVE = YES;
				CLANG_WARN_UNGUARDED_AVAILABILITY = YES_AGGRESSIVE;
				CLANG_WARN_UNREACHABLE_CODE = YES;
				CLANG_WARN__DUPLICATE_METHOD_MATCH = YES;
				COPY_PHASE_STRIP = NO;
				DEBUG_INFORMATION_FORMAT = dwarf;
				ENABLE_STRICT_OBJC_MSGSEND = YES;
				ENABLE_TESTABILITY = YES;
				GCC_C_LANGUAGE_STANDARD = gnu11;
				GCC_DYNAMIC_NO_PIC = NO;
				GCC_NO_COMMON_BLOCKS = YES;
				GCC_OPTIMIZATION_LEVEL = 0;
				GCC_PREPROCESSOR_DEFINITIONS = (
					"DEBUG=1",
					"$(inherited)",
				);
				GCC_WARN_64_TO_32_BIT_CONVERSION = YES;
				GCC_WARN_ABOUT_RETURN_TYPE = YES_ERROR;
				GCC_WARN_UNDECLARED_SELECTOR = YES;
				GCC_WARN_UNINITIALIZED_AUTOS = YES_AGGRESSIVE;
				GCC_WARN_UNUSED_FUNCTION = YES;
				GCC_WARN_UNUSED_VARIABLE = YES;
				IPHONEOS_DEPLOYMENT_TARGET = 14.1;
				MTL_ENABLE_DEBUG_INFO = INCLUDE_SOURCE;
				MTL_FAST_MATH = YES;
				ONLY_ACTIVE_ARCH = YES;
				SDKROOT = iphoneos;
				SWIFT_ACTIVE_COMPILATION_CONDITIONS = DEBUG;
				SWIFT_OPTIMIZATION_LEVEL = "-Onone";
			};
			name = Debug;
		};
		1BA1356225CC1C8100CD8842 /* Release */ = {
			isa = XCBuildConfiguration;
			buildSettings = {
				ALWAYS_SEARCH_USER_PATHS = NO;
				CLANG_ANALYZER_NONNULL = YES;
				CLANG_ANALYZER_NUMBER_OBJECT_CONVERSION = YES_AGGRESSIVE;
				CLANG_CXX_LANGUAGE_STANDARD = "gnu++14";
				CLANG_CXX_LIBRARY = "libc++";
				CLANG_ENABLE_MODULES = YES;
				CLANG_ENABLE_OBJC_ARC = YES;
				CLANG_ENABLE_OBJC_WEAK = YES;
				CLANG_WARN_BLOCK_CAPTURE_AUTORELEASING = YES;
				CLANG_WARN_BOOL_CONVERSION = YES;
				CLANG_WARN_COMMA = YES;
				CLANG_WARN_CONSTANT_CONVERSION = YES;
				CLANG_WARN_DEPRECATED_OBJC_IMPLEMENTATIONS = YES;
				CLANG_WARN_DIRECT_OBJC_ISA_USAGE = YES_ERROR;
				CLANG_WARN_DOCUMENTATION_COMMENTS = YES;
				CLANG_WARN_EMPTY_BODY = YES;
				CLANG_WARN_ENUM_CONVERSION = YES;
				CLANG_WARN_INFINITE_RECURSION = YES;
				CLANG_WARN_INT_CONVERSION = YES;
				CLANG_WARN_NON_LITERAL_NULL_CONVERSION = YES;
				CLANG_WARN_OBJC_IMPLICIT_RETAIN_SELF = YES;
				CLANG_WARN_OBJC_LITERAL_CONVERSION = YES;
				CLANG_WARN_OBJC_ROOT_CLASS = YES_ERROR;
				CLANG_WARN_QUOTED_INCLUDE_IN_FRAMEWORK_HEADER = YES;
				CLANG_WARN_RANGE_LOOP_ANALYSIS = YES;
				CLANG_WARN_STRICT_PROTOTYPES = YES;
				CLANG_WARN_SUSPICIOUS_MOVE = YES;
				CLANG_WARN_UNGUARDED_AVAILABILITY = YES_AGGRESSIVE;
				CLANG_WARN_UNREACHABLE_CODE = YES;
				CLANG_WARN__DUPLICATE_METHOD_MATCH = YES;
				COPY_PHASE_STRIP = NO;
				DEBUG_INFORMATION_FORMAT = "dwarf-with-dsym";
				ENABLE_NS_ASSERTIONS = NO;
				ENABLE_STRICT_OBJC_MSGSEND = YES;
				GCC_C_LANGUAGE_STANDARD = gnu11;
				GCC_NO_COMMON_BLOCKS = YES;
				GCC_WARN_64_TO_32_BIT_CONVERSION = YES;
				GCC_WARN_ABOUT_RETURN_TYPE = YES_ERROR;
				GCC_WARN_UNDECLARED_SELECTOR = YES;
				GCC_WARN_UNINITIALIZED_AUTOS = YES_AGGRESSIVE;
				GCC_WARN_UNUSED_FUNCTION = YES;
				GCC_WARN_UNUSED_VARIABLE = YES;
				IPHONEOS_DEPLOYMENT_TARGET = 14.1;
				MTL_ENABLE_DEBUG_INFO = NO;
				MTL_FAST_MATH = YES;
				SDKROOT = iphoneos;
				SWIFT_COMPILATION_MODE = wholemodule;
				SWIFT_OPTIMIZATION_LEVEL = "-O";
				VALIDATE_PRODUCT = YES;
			};
			name = Release;
		};
		1BA1356425CC1C8100CD8842 /* Debug */ = {
			isa = XCBuildConfiguration;
			buildSettings = {
				ASSETCATALOG_COMPILER_APPICON_NAME = AppIcon;
				ASSETCATALOG_COMPILER_GLOBAL_ACCENT_COLOR_NAME = AccentColor;
				CODE_SIGN_STYLE = Automatic;
				DEVELOPMENT_ASSET_PATHS = "\"TechNews/Preview Content\"";
				ENABLE_PREVIEWS = YES;
				INFOPLIST_FILE = TechNews/Info.plist;
				LD_RUNPATH_SEARCH_PATHS = (
					"$(inherited)",
					"@executable_path/Frameworks",
				);
				PRODUCT_BUNDLE_IDENTIFIER = com.markalfordjr.TechNews;
				PRODUCT_NAME = "$(TARGET_NAME)";
				SWIFT_VERSION = 5.0;
				TARGETED_DEVICE_FAMILY = "1,2";
			};
			name = Debug;
		};
		1BA1356525CC1C8100CD8842 /* Release */ = {
			isa = XCBuildConfiguration;
			buildSettings = {
				ASSETCATALOG_COMPILER_APPICON_NAME = AppIcon;
				ASSETCATALOG_COMPILER_GLOBAL_ACCENT_COLOR_NAME = AccentColor;
				CODE_SIGN_STYLE = Automatic;
				DEVELOPMENT_ASSET_PATHS = "\"TechNews/Preview Content\"";
				ENABLE_PREVIEWS = YES;
				INFOPLIST_FILE = TechNews/Info.plist;
				LD_RUNPATH_SEARCH_PATHS = (
					"$(inherited)",
					"@executable_path/Frameworks",
				);
				PRODUCT_BUNDLE_IDENTIFIER = com.markalfordjr.TechNews;
				PRODUCT_NAME = "$(TARGET_NAME)";
				SWIFT_VERSION = 5.0;
				TARGETED_DEVICE_FAMILY = "1,2";
			};
			name = Release;
		};
/* End XCBuildConfiguration section */

/* Begin XCConfigurationList section */
		1BA1354A25CC1C7F00CD8842 /* Build configuration list for PBXProject "TechNews" */ = {
			isa = XCConfigurationList;
			buildConfigurations = (
				1BA1356125CC1C8100CD8842 /* Debug */,
				1BA1356225CC1C8100CD8842 /* Release */,
			);
			defaultConfigurationIsVisible = 0;
			defaultConfigurationName = Release;
		};
		1BA1356325CC1C8100CD8842 /* Build configuration list for PBXNativeTarget "TechNews" */ = {
			isa = XCConfigurationList;
			buildConfigurations = (
				1BA1356425CC1C8100CD8842 /* Debug */,
				1BA1356525CC1C8100CD8842 /* Release */,
			);
			defaultConfigurationIsVisible = 0;
			defaultConfigurationName = Release;
		};
/* End XCConfigurationList section */
	};
	rootObject = 1BA1354725CC1C7F00CD8842 /* Project object */;
}
